
Microsoft Visual Studio Solution File, Format Version 12.00
# Visual Studio Version 16
VisualStudioVersion = 16.0.33214.272
MinimumVisualStudioVersion = 10.0.40219.1
Project("{8BC9CEB8-8B4A-11D0-8D11-00A0C91BC942}") = "Darkest Planet(game)", "Darkest Planet(game)\Darkest Planet(game).vcxproj", "{5AC0D038-E111-462E-8F93-4FC2C0FE51AF}"
EndProject
Global
	GlobalSection(SolutionConfigurationPlatforms) = preSolution
		Debug|x64 = Debug|x64
		Debug|x86 = Debug|x86
		Release|x64 = Release|x64
		Release|x86 = Release|x86
	EndGlobalSection
	GlobalSection(ProjectConfigurationPlatforms) = postSolution
		{5AC0D038-E111-462E-8F93-4FC2C0FE51AF}.Debug|x64.ActiveCfg = Debug|x64
		{5AC0D038-E111-462E-8F93-4FC2C0FE51AF}.Debug|x64.Build.0 = Debug|x64
		{5AC0D038-E111-462E-8F93-4FC2C0FE51AF}.Debug|x86.ActiveCfg = Debug|Win32
		{5AC0D038-E111-462E-8F93-4FC2C0FE51AF}.Debug|x86.Build.0 = Debug|Win32
		{5AC0D038-E111-462E-8F93-4FC2C0FE51AF}.Release|x64.ActiveCfg = Release|x64
		{5AC0D038-E111-462E-8F93-4FC2C0FE51AF}.Release|x64.Build.0 = Release|x64
		{5AC0D038-E111-462E-8F93-4FC2C0FE51AF}.Release|x86.ActiveCfg = Release|Win32
		{5AC0D038-E111-462E-8F93-4FC2C0FE51AF}.Release|x86.Build.0 = Release|Win32
	EndGlobalSection
	GlobalSection(SolutionProperties) = preSolution
		HideSolutionNode = FALSE
	EndGlobalSection
	GlobalSection(ExtensibilityGlobals) = postSolution
		SolutionGuid = {840757F6-5977-4F95-ADEA-D114656F9478}
	EndGlobalSection
EndGlobal
